// !$*UTF8*$!
{
	archiveVersion = 1;
	classes = {
	};
	objectVersion = 54;
	objects = {

/* Begin PBXBuildFile section */
		00E356F31AD99517003FC87E /* hot6Tests.m in Sources */ = {isa = PBXBuildFile; fileRef = 00E356F21AD99517003FC87E /* hot6Tests.m */; };
		062EA349289427290043B3EC /* Fonts in Resources */ = {isa = PBXBuildFile; fileRef = 062EA309289427290043B3EC /* Fonts */; };
		0630524F287C4EB900DDFD03 /* File.swift in Sources */ = {isa = PBXBuildFile; fileRef = 0630524E287C4EB900DDFD03 /* File.swift */; };
		0C80B921A6F3F58F76C31292 /* libPods-hot6.a in Frameworks */ = {isa = PBXBuildFile; fileRef = 5DCACB8F33CDC322A6C60F78 /* libPods-hot6.a */; };
		13B07FBC1A68108700A75B9A /* AppDelegate.mm in Sources */ = {isa = PBXBuildFile; fileRef = 13B07FB01A68108700A75B9A /* AppDelegate.mm */; };
		13B07FBF1A68108700A75B9A /* Images.xcassets in Resources */ = {isa = PBXBuildFile; fileRef = 13B07FB51A68108700A75B9A /* Images.xcassets */; };
		13B07FC11A68108700A75B9A /* main.m in Sources */ = {isa = PBXBuildFile; fileRef = 13B07FB71A68108700A75B9A /* main.m */; };
		7699B88040F8A987B510C191 /* libPods-hot6-hot6Tests.a in Frameworks */ = {isa = PBXBuildFile; fileRef = 19F6CBCC0A4E27FBF8BF4A61 /* libPods-hot6-hot6Tests.a */; };
		81AB9BB82411601600AC10FF /* LaunchScreen.storyboard in Resources */ = {isa = PBXBuildFile; fileRef = 81AB9BB72411601600AC10FF /* LaunchScreen.storyboard */; };
/* End PBXBuildFile section */

/* Begin PBXContainerItemProxy section */
		00E356F41AD99517003FC87E /* PBXContainerItemProxy */ = {
			isa = PBXContainerItemProxy;
			containerPortal = 83CBB9F71A601CBA00E9B192 /* Project object */;
			proxyType = 1;
			remoteGlobalIDString = 13B07F861A680F5B00A75B9A;
			remoteInfo = hot6;
		};
		062EA275288ED9D00043B3EC /* PBXContainerItemProxy */ = {
			isa = PBXContainerItemProxy;
			containerPortal = 06305250287C4EC600DDFD03 /* Pods.xcodeproj */;
			proxyType = 2;
			remoteGlobalIDString = 5E4674603A5D5B9215FFA0F8E69F8B71;
			remoteInfo = libwebp;
		};
		062EA277288ED9D00043B3EC /* PBXContainerItemProxy */ = {
			isa = PBXContainerItemProxy;
			containerPortal = 06305250287C4EC600DDFD03 /* Pods.xcodeproj */;
			proxyType = 2;
			remoteGlobalIDString = 3566E29624F4738A4953CE7ABF635C5E;
			remoteInfo = "react-native-config";
		};
		062EA279288ED9D00043B3EC /* PBXContainerItemProxy */ = {
			isa = PBXContainerItemProxy;
			containerPortal = 06305250287C4EC600DDFD03 /* Pods.xcodeproj */;
			proxyType = 2;
			remoteGlobalIDString = CC9CF62342D0D8A46D8176D06AABE411;
			remoteInfo = "react-native-image-picker";
		};
		062EA27B288ED9D00043B3EC /* PBXContainerItemProxy */ = {
			isa = PBXContainerItemProxy;
			containerPortal = 06305250287C4EC600DDFD03 /* Pods.xcodeproj */;
			proxyType = 2;
			remoteGlobalIDString = 5B6D6355CC37E6059957DFDFEA6E4454;
			remoteInfo = "react-native-image-resizer";
		};
		062EA27D288ED9D00043B3EC /* PBXContainerItemProxy */ = {
			isa = PBXContainerItemProxy;
			containerPortal = 06305250287C4EC600DDFD03 /* Pods.xcodeproj */;
			proxyType = 2;
			remoteGlobalIDString = E55EA3C6F285F6FA8067C5C8A428FA64;
			remoteInfo = RNFastImage;
		};
		062EA27F288ED9D00043B3EC /* PBXContainerItemProxy */ = {
			isa = PBXContainerItemProxy;
			containerPortal = 06305250287C4EC600DDFD03 /* Pods.xcodeproj */;
			proxyType = 2;
			remoteGlobalIDString = B0B214D775196BA7CA8E17E53048A493;
			remoteInfo = SDWebImage;
		};
		062EA281288ED9D00043B3EC /* PBXContainerItemProxy */ = {
			isa = PBXContainerItemProxy;
			containerPortal = 06305250287C4EC600DDFD03 /* Pods.xcodeproj */;
			proxyType = 2;
			remoteGlobalIDString = FCF61D9B2B75054A9A3185DDC609B7FF;
			remoteInfo = SDWebImageWebPCoder;
		};
		062EA3032892DE250043B3EC /* PBXContainerItemProxy */ = {
			isa = PBXContainerItemProxy;
			containerPortal = 06305250287C4EC600DDFD03 /* Pods.xcodeproj */;
			proxyType = 2;
			remoteGlobalIDString = 90EE8D3C082C157169540FC8F5913DAD;
			remoteInfo = RNSVG;
		};
		0630528A287C4EC600DDFD03 /* PBXContainerItemProxy */ = {
			isa = PBXContainerItemProxy;
			containerPortal = 06305250287C4EC600DDFD03 /* Pods.xcodeproj */;
			proxyType = 2;
			remoteGlobalIDString = 6CBEFE4F9E22AFDC6347A739BB35FF8C;
			remoteInfo = CocoaAsyncSocket;
		};
		0630528C287C4EC600DDFD03 /* PBXContainerItemProxy */ = {
			isa = PBXContainerItemProxy;
			containerPortal = 06305250287C4EC600DDFD03 /* Pods.xcodeproj */;
			proxyType = 2;
			remoteGlobalIDString = 6FFB7B2992BB53405E6B771A5BA1E97D;
			remoteInfo = DoubleConversion;
		};
		0630528E287C4EC600DDFD03 /* PBXContainerItemProxy */ = {
			isa = PBXContainerItemProxy;
			containerPortal = 06305250287C4EC600DDFD03 /* Pods.xcodeproj */;
			proxyType = 2;
			remoteGlobalIDString = E93F701CA8EB196D77AE99E094D873E4;
			remoteInfo = Flipper;
		};
		06305290287C4EC600DDFD03 /* PBXContainerItemProxy */ = {
			isa = PBXContainerItemProxy;
			containerPortal = 06305250287C4EC600DDFD03 /* Pods.xcodeproj */;
			proxyType = 2;
			remoteGlobalIDString = 8FD3DD8368ED4B6E773ABAA49C117D42;
			remoteInfo = "Flipper-Boost-iOSX";
		};
		06305292287C4EC600DDFD03 /* PBXContainerItemProxy */ = {
			isa = PBXContainerItemProxy;
			containerPortal = 06305250287C4EC600DDFD03 /* Pods.xcodeproj */;
			proxyType = 2;
			remoteGlobalIDString = 396DAFDC3DCFBF31A37A3CC9488C0DDC;
			remoteInfo = "Flipper-Fmt";
		};
		06305294287C4EC600DDFD03 /* PBXContainerItemProxy */ = {
			isa = PBXContainerItemProxy;
			containerPortal = 06305250287C4EC600DDFD03 /* Pods.xcodeproj */;
			proxyType = 2;
			remoteGlobalIDString = 99D5CD245388DC76AAEF6E1E351A90ED;
			remoteInfo = "Flipper-Folly";
		};
		06305296287C4EC600DDFD03 /* PBXContainerItemProxy */ = {
			isa = PBXContainerItemProxy;
			containerPortal = 06305250287C4EC600DDFD03 /* Pods.xcodeproj */;
			proxyType = 2;
			remoteGlobalIDString = ACBB7F62B267CC7C9BBBAE41DE94743B;
			remoteInfo = "Flipper-PeerTalk";
		};
		06305298287C4EC600DDFD03 /* PBXContainerItemProxy */ = {
			isa = PBXContainerItemProxy;
			containerPortal = 06305250287C4EC600DDFD03 /* Pods.xcodeproj */;
			proxyType = 2;
			remoteGlobalIDString = FFDC7746794AB17CFB7150820479DF40;
			remoteInfo = "Flipper-RSocket";
		};
		0630529A287C4EC600DDFD03 /* PBXContainerItemProxy */ = {
			isa = PBXContainerItemProxy;
			containerPortal = 06305250287C4EC600DDFD03 /* Pods.xcodeproj */;
			proxyType = 2;
			remoteGlobalIDString = 65234B3E668A42D9137B2C7AB051EE37;
			remoteInfo = FlipperKit;
		};
		0630529C287C4EC600DDFD03 /* PBXContainerItemProxy */ = {
			isa = PBXContainerItemProxy;
			containerPortal = 06305250287C4EC600DDFD03 /* Pods.xcodeproj */;
			proxyType = 2;
			remoteGlobalIDString = F4BDA69E3BCB0166D49FB679ABADCA00;
			remoteInfo = fmt;
		};
		0630529E287C4EC600DDFD03 /* PBXContainerItemProxy */ = {
			isa = PBXContainerItemProxy;
			containerPortal = 06305250287C4EC600DDFD03 /* Pods.xcodeproj */;
			proxyType = 2;
			remoteGlobalIDString = 3CA7A9404CCDD6BA22C97F8348CE3209;
			remoteInfo = glog;
		};
		063052A0287C4EC600DDFD03 /* PBXContainerItemProxy */ = {
			isa = PBXContainerItemProxy;
			containerPortal = 06305250287C4EC600DDFD03 /* Pods.xcodeproj */;
			proxyType = 2;
			remoteGlobalIDString = FB6FAD8F0183E86ACBFBD8A81BA7BF3A;
			remoteInfo = libevent;
		};
		063052A2287C4EC600DDFD03 /* PBXContainerItemProxy */ = {
			isa = PBXContainerItemProxy;
			containerPortal = 06305250287C4EC600DDFD03 /* Pods.xcodeproj */;
			proxyType = 2;
			remoteGlobalIDString = 38B3FE7D14BC5E2ACF32EE728BFE589D;
			remoteInfo = "Pods-hot6";
		};
		063052A4287C4EC600DDFD03 /* PBXContainerItemProxy */ = {
			isa = PBXContainerItemProxy;
			containerPortal = 06305250287C4EC600DDFD03 /* Pods.xcodeproj */;
			proxyType = 2;
			remoteGlobalIDString = 3B22195AEF6800E1398BE1AF1DDED11F;
			remoteInfo = "Pods-hot6-hot6Tests";
		};
		063052A6287C4EC600DDFD03 /* PBXContainerItemProxy */ = {
			isa = PBXContainerItemProxy;
			containerPortal = 06305250287C4EC600DDFD03 /* Pods.xcodeproj */;
			proxyType = 2;
			remoteGlobalIDString = 1936453FF2A7E3A13063C4917C4D5598;
			remoteInfo = "RCT-Folly";
		};
		063052A8287C4EC600DDFD03 /* PBXContainerItemProxy */ = {
			isa = PBXContainerItemProxy;
			containerPortal = 06305250287C4EC600DDFD03 /* Pods.xcodeproj */;
			proxyType = 2;
			remoteGlobalIDString = F958876A082BF810B342435CE3FB5AF6;
			remoteInfo = RCTTypeSafety;
		};
		063052AA287C4EC600DDFD03 /* PBXContainerItemProxy */ = {
			isa = PBXContainerItemProxy;
			containerPortal = 06305250287C4EC600DDFD03 /* Pods.xcodeproj */;
			proxyType = 2;
			remoteGlobalIDString = 68D0E680E3D787063C2716E812E2A5AE;
			remoteInfo = "React-bridging";
		};
		063052AC287C4EC600DDFD03 /* PBXContainerItemProxy */ = {
			isa = PBXContainerItemProxy;
			containerPortal = 06305250287C4EC600DDFD03 /* Pods.xcodeproj */;
			proxyType = 2;
			remoteGlobalIDString = E7178FECB829C9576A3723658B07F087;
			remoteInfo = "React-Codegen";
		};
		063052AE287C4EC600DDFD03 /* PBXContainerItemProxy */ = {
			isa = PBXContainerItemProxy;
			containerPortal = 06305250287C4EC600DDFD03 /* Pods.xcodeproj */;
			proxyType = 2;
			remoteGlobalIDString = BD71E2539823621820F84384064C253A;
			remoteInfo = "React-Core";
		};
		063052B0287C4EC600DDFD03 /* PBXContainerItemProxy */ = {
			isa = PBXContainerItemProxy;
			containerPortal = 06305250287C4EC600DDFD03 /* Pods.xcodeproj */;
			proxyType = 2;
			remoteGlobalIDString = FE6D792B6328AAF68E46924D7F466631;
			remoteInfo = "React-Core-AccessibilityResources";
		};
		063052B2287C4EC600DDFD03 /* PBXContainerItemProxy */ = {
			isa = PBXContainerItemProxy;
			containerPortal = 06305250287C4EC600DDFD03 /* Pods.xcodeproj */;
			proxyType = 2;
			remoteGlobalIDString = 6771D231F4C8C5976470A369C474B32E;
			remoteInfo = "React-CoreModules";
		};
		063052B4287C4EC600DDFD03 /* PBXContainerItemProxy */ = {
			isa = PBXContainerItemProxy;
			containerPortal = 06305250287C4EC600DDFD03 /* Pods.xcodeproj */;
			proxyType = 2;
			remoteGlobalIDString = 37592FDAD45752511010F4B06AC57355;
			remoteInfo = "React-cxxreact";
		};
		063052B6287C4EC600DDFD03 /* PBXContainerItemProxy */ = {
			isa = PBXContainerItemProxy;
			containerPortal = 06305250287C4EC600DDFD03 /* Pods.xcodeproj */;
			proxyType = 2;
			remoteGlobalIDString = D9F334F2E90E3EE462FC4192AF5C03BD;
			remoteInfo = "React-jsi";
		};
		063052B8287C4EC600DDFD03 /* PBXContainerItemProxy */ = {
			isa = PBXContainerItemProxy;
			containerPortal = 06305250287C4EC600DDFD03 /* Pods.xcodeproj */;
			proxyType = 2;
			remoteGlobalIDString = F2E7C88DFCD460A4B46B913ADEB8A641;
			remoteInfo = "React-jsiexecutor";
		};
		063052BA287C4EC600DDFD03 /* PBXContainerItemProxy */ = {
			isa = PBXContainerItemProxy;
			containerPortal = 06305250287C4EC600DDFD03 /* Pods.xcodeproj */;
			proxyType = 2;
			remoteGlobalIDString = 2577F299FCB0A19824FE989BE77B8E8F;
			remoteInfo = "React-jsinspector";
		};
		063052BC287C4EC600DDFD03 /* PBXContainerItemProxy */ = {
			isa = PBXContainerItemProxy;
			containerPortal = 06305250287C4EC600DDFD03 /* Pods.xcodeproj */;
			proxyType = 2;
			remoteGlobalIDString = A5B49761F8D1EB12585DD45CAA2E489F;
			remoteInfo = "React-logger";
		};
		063052BE287C4EC600DDFD03 /* PBXContainerItemProxy */ = {
			isa = PBXContainerItemProxy;
			containerPortal = 06305250287C4EC600DDFD03 /* Pods.xcodeproj */;
			proxyType = 2;
			remoteGlobalIDString = 7E27A38CC948BD4D313572AFA78E2142;
			remoteInfo = "react-native-geolocation-service";
		};
		063052C0287C4EC600DDFD03 /* PBXContainerItemProxy */ = {
			isa = PBXContainerItemProxy;
			containerPortal = 06305250287C4EC600DDFD03 /* Pods.xcodeproj */;
			proxyType = 2;
			remoteGlobalIDString = 7C1528D78CC6422D464349E8A71B9F1C;
			remoteInfo = "react-native-nmap";
		};
		063052C2287C4EC600DDFD03 /* PBXContainerItemProxy */ = {
			isa = PBXContainerItemProxy;
			containerPortal = 06305250287C4EC600DDFD03 /* Pods.xcodeproj */;
			proxyType = 2;
			remoteGlobalIDString = 52FCF98CEFF94C742080B6965D537AD0;
			remoteInfo = "react-native-safe-area-context";
		};
		063052C4287C4EC600DDFD03 /* PBXContainerItemProxy */ = {
			isa = PBXContainerItemProxy;
			containerPortal = 06305250287C4EC600DDFD03 /* Pods.xcodeproj */;
			proxyType = 2;
			remoteGlobalIDString = 666E72807891C591E025A75410CD2A26;
			remoteInfo = "React-perflogger";
		};
		063052C6287C4EC600DDFD03 /* PBXContainerItemProxy */ = {
			isa = PBXContainerItemProxy;
			containerPortal = 06305250287C4EC600DDFD03 /* Pods.xcodeproj */;
			proxyType = 2;
			remoteGlobalIDString = FE7B9294FF05AAFD1653E2104E10844A;
			remoteInfo = "React-RCTAnimation";
		};
		063052C8287C4EC600DDFD03 /* PBXContainerItemProxy */ = {
			isa = PBXContainerItemProxy;
			containerPortal = 06305250287C4EC600DDFD03 /* Pods.xcodeproj */;
			proxyType = 2;
			remoteGlobalIDString = F71EBF73F354B475D465FF6DE9A66707;
			remoteInfo = "React-RCTBlob";
		};
		063052CA287C4EC600DDFD03 /* PBXContainerItemProxy */ = {
			isa = PBXContainerItemProxy;
			containerPortal = 06305250287C4EC600DDFD03 /* Pods.xcodeproj */;
			proxyType = 2;
			remoteGlobalIDString = EEDBF403E8E0B3885E65C2741B536BC5;
			remoteInfo = "React-RCTImage";
		};
		063052CC287C4EC600DDFD03 /* PBXContainerItemProxy */ = {
			isa = PBXContainerItemProxy;
			containerPortal = 06305250287C4EC600DDFD03 /* Pods.xcodeproj */;
			proxyType = 2;
			remoteGlobalIDString = 802121F5B756ACBFDD6D08C36246DADD;
			remoteInfo = "React-RCTLinking";
		};
		063052CE287C4EC600DDFD03 /* PBXContainerItemProxy */ = {
			isa = PBXContainerItemProxy;
			containerPortal = 06305250287C4EC600DDFD03 /* Pods.xcodeproj */;
			proxyType = 2;
			remoteGlobalIDString = A68E5A9B69A3BA0FD52CAF7A354EC93B;
			remoteInfo = "React-RCTNetwork";
		};
		063052D0287C4EC600DDFD03 /* PBXContainerItemProxy */ = {
			isa = PBXContainerItemProxy;
			containerPortal = 06305250287C4EC600DDFD03 /* Pods.xcodeproj */;
			proxyType = 2;
			remoteGlobalIDString = 269BE773C9482484B70949A40F4EA525;
			remoteInfo = "React-RCTSettings";
		};
		063052D2287C4EC600DDFD03 /* PBXContainerItemProxy */ = {
			isa = PBXContainerItemProxy;
			containerPortal = 06305250287C4EC600DDFD03 /* Pods.xcodeproj */;
			proxyType = 2;
			remoteGlobalIDString = E6A16705C69FC7DE11C2469A4A0F8358;
			remoteInfo = "React-RCTText";
		};
		063052D4287C4EC600DDFD03 /* PBXContainerItemProxy */ = {
			isa = PBXContainerItemProxy;
			containerPortal = 06305250287C4EC600DDFD03 /* Pods.xcodeproj */;
			proxyType = 2;
			remoteGlobalIDString = C1A919103EAC9813D236486C34FC0A21;
			remoteInfo = "React-RCTVibration";
		};
		063052D6287C4EC600DDFD03 /* PBXContainerItemProxy */ = {
			isa = PBXContainerItemProxy;
			containerPortal = 06305250287C4EC600DDFD03 /* Pods.xcodeproj */;
			proxyType = 2;
			remoteGlobalIDString = D5C775614AC76D44CECB6BE08B022F1F;
			remoteInfo = ReactCommon;
		};
		063052D8287C4EC600DDFD03 /* PBXContainerItemProxy */ = {
			isa = PBXContainerItemProxy;
			containerPortal = 06305250287C4EC600DDFD03 /* Pods.xcodeproj */;
			proxyType = 2;
			remoteGlobalIDString = 50B5347C9A6E93B7D4CFC3673BA6FB7E;
			remoteInfo = RNScreens;
		};
		063052DA287C4EC600DDFD03 /* PBXContainerItemProxy */ = {
			isa = PBXContainerItemProxy;
			containerPortal = 06305250287C4EC600DDFD03 /* Pods.xcodeproj */;
			proxyType = 2;
			remoteGlobalIDString = 85A01882ED06DFEA2E0CE78BCDB204A7;
			remoteInfo = SocketRocket;
		};
		063052DC287C4EC600DDFD03 /* PBXContainerItemProxy */ = {
			isa = PBXContainerItemProxy;
			containerPortal = 06305250287C4EC600DDFD03 /* Pods.xcodeproj */;
			proxyType = 2;
			remoteGlobalIDString = 65D0A19C165FA1126B1360680FE6DB12;
			remoteInfo = Yoga;
		};
		063052DE287C4EC600DDFD03 /* PBXContainerItemProxy */ = {
			isa = PBXContainerItemProxy;
			containerPortal = 06305250287C4EC600DDFD03 /* Pods.xcodeproj */;
			proxyType = 2;
			remoteGlobalIDString = 5B3357A1CE67C0BF4AE31936A1BE6888;
			remoteInfo = YogaKit;
		};
		06C92A5728996D04009267C3 /* PBXContainerItemProxy */ = {
			isa = PBXContainerItemProxy;
			containerPortal = 06305250287C4EC600DDFD03 /* Pods.xcodeproj */;
			proxyType = 2;
			remoteGlobalIDString = 8F65F9361F2069CF9E9D751272968DE4;
			remoteInfo = RNGestureHandler;
		};
		06C92A5928996D04009267C3 /* PBXContainerItemProxy */ = {
			isa = PBXContainerItemProxy;
			containerPortal = 06305250287C4EC600DDFD03 /* Pods.xcodeproj */;
			proxyType = 2;
			remoteGlobalIDString = C777CF2FB1E39A45CBBDB54E8693F471;
			remoteInfo = RNReanimated;
		};
/* End PBXContainerItemProxy section */

/* Begin PBXFileReference section */
		00E356EE1AD99517003FC87E /* hot6Tests.xctest */ = {isa = PBXFileReference; explicitFileType = wrapper.cfbundle; includeInIndex = 0; path = hot6Tests.xctest; sourceTree = BUILT_PRODUCTS_DIR; };
		00E356F11AD99517003FC87E /* Info.plist */ = {isa = PBXFileReference; lastKnownFileType = text.plist.xml; path = Info.plist; sourceTree = "<group>"; };
		00E356F21AD99517003FC87E /* hot6Tests.m */ = {isa = PBXFileReference; lastKnownFileType = sourcecode.c.objc; path = hot6Tests.m; sourceTree = "<group>"; };
		062EA309289427290043B3EC /* Fonts */ = {isa = PBXFileReference; lastKnownFileType = folder; path = Fonts; sourceTree = "<group>"; };
		0630524D287C4EB900DDFD03 /* hot6-Bridging-Header.h */ = {isa = PBXFileReference; lastKnownFileType = sourcecode.c.h; path = "hot6-Bridging-Header.h"; sourceTree = "<group>"; };
		0630524E287C4EB900DDFD03 /* File.swift */ = {isa = PBXFileReference; lastKnownFileType = sourcecode.swift; path = File.swift; sourceTree = "<group>"; };
		06305250287C4EC600DDFD03 /* Pods.xcodeproj */ = {isa = PBXFileReference; lastKnownFileType = "wrapper.pb-project"; path = Pods.xcodeproj; sourceTree = "<group>"; };
		13B07F961A680F5B00A75B9A /* hot6.app */ = {isa = PBXFileReference; explicitFileType = wrapper.application; includeInIndex = 0; path = hot6.app; sourceTree = BUILT_PRODUCTS_DIR; };
		13B07FAF1A68108700A75B9A /* AppDelegate.h */ = {isa = PBXFileReference; fileEncoding = 4; lastKnownFileType = sourcecode.c.h; name = AppDelegate.h; path = hot6/AppDelegate.h; sourceTree = "<group>"; };
		13B07FB01A68108700A75B9A /* AppDelegate.mm */ = {isa = PBXFileReference; fileEncoding = 4; lastKnownFileType = sourcecode.cpp.objcpp; name = AppDelegate.mm; path = hot6/AppDelegate.mm; sourceTree = "<group>"; };
		13B07FB51A68108700A75B9A /* Images.xcassets */ = {isa = PBXFileReference; lastKnownFileType = folder.assetcatalog; name = Images.xcassets; path = hot6/Images.xcassets; sourceTree = "<group>"; };
		13B07FB61A68108700A75B9A /* Info.plist */ = {isa = PBXFileReference; fileEncoding = 4; lastKnownFileType = text.plist.xml; name = Info.plist; path = hot6/Info.plist; sourceTree = "<group>"; };
		13B07FB71A68108700A75B9A /* main.m */ = {isa = PBXFileReference; fileEncoding = 4; lastKnownFileType = sourcecode.c.objc; name = main.m; path = hot6/main.m; sourceTree = "<group>"; };
		19F6CBCC0A4E27FBF8BF4A61 /* libPods-hot6-hot6Tests.a */ = {isa = PBXFileReference; explicitFileType = archive.ar; includeInIndex = 0; path = "libPods-hot6-hot6Tests.a"; sourceTree = BUILT_PRODUCTS_DIR; };
		3B4392A12AC88292D35C810B /* Pods-hot6.debug.xcconfig */ = {isa = PBXFileReference; includeInIndex = 1; lastKnownFileType = text.xcconfig; name = "Pods-hot6.debug.xcconfig"; path = "Target Support Files/Pods-hot6/Pods-hot6.debug.xcconfig"; sourceTree = "<group>"; };
		5709B34CF0A7D63546082F79 /* Pods-hot6.release.xcconfig */ = {isa = PBXFileReference; includeInIndex = 1; lastKnownFileType = text.xcconfig; name = "Pods-hot6.release.xcconfig"; path = "Target Support Files/Pods-hot6/Pods-hot6.release.xcconfig"; sourceTree = "<group>"; };
		5B7EB9410499542E8C5724F5 /* Pods-hot6-hot6Tests.debug.xcconfig */ = {isa = PBXFileReference; includeInIndex = 1; lastKnownFileType = text.xcconfig; name = "Pods-hot6-hot6Tests.debug.xcconfig"; path = "Target Support Files/Pods-hot6-hot6Tests/Pods-hot6-hot6Tests.debug.xcconfig"; sourceTree = "<group>"; };
		5DCACB8F33CDC322A6C60F78 /* libPods-hot6.a */ = {isa = PBXFileReference; explicitFileType = archive.ar; includeInIndex = 0; path = "libPods-hot6.a"; sourceTree = BUILT_PRODUCTS_DIR; };
		81AB9BB72411601600AC10FF /* LaunchScreen.storyboard */ = {isa = PBXFileReference; fileEncoding = 4; lastKnownFileType = file.storyboard; name = LaunchScreen.storyboard; path = hot6/LaunchScreen.storyboard; sourceTree = "<group>"; };
		89C6BE57DB24E9ADA2F236DE /* Pods-hot6-hot6Tests.release.xcconfig */ = {isa = PBXFileReference; includeInIndex = 1; lastKnownFileType = text.xcconfig; name = "Pods-hot6-hot6Tests.release.xcconfig"; path = "Target Support Files/Pods-hot6-hot6Tests/Pods-hot6-hot6Tests.release.xcconfig"; sourceTree = "<group>"; };
		ED297162215061F000B7C4FE /* JavaScriptCore.framework */ = {isa = PBXFileReference; lastKnownFileType = wrapper.framework; name = JavaScriptCore.framework; path = System/Library/Frameworks/JavaScriptCore.framework; sourceTree = SDKROOT; };
/* End PBXFileReference section */

/* Begin PBXFrameworksBuildPhase section */
		00E356EB1AD99517003FC87E /* Frameworks */ = {
			isa = PBXFrameworksBuildPhase;
			buildActionMask = 2147483647;
			files = (
				7699B88040F8A987B510C191 /* libPods-hot6-hot6Tests.a in Frameworks */,
			);
			runOnlyForDeploymentPostprocessing = 0;
		};
		13B07F8C1A680F5B00A75B9A /* Frameworks */ = {
			isa = PBXFrameworksBuildPhase;
			buildActionMask = 2147483647;
			files = (
				0C80B921A6F3F58F76C31292 /* libPods-hot6.a in Frameworks */,
			);
			runOnlyForDeploymentPostprocessing = 0;
		};
/* End PBXFrameworksBuildPhase section */

/* Begin PBXGroup section */
		00E356EF1AD99517003FC87E /* hot6Tests */ = {
			isa = PBXGroup;
			children = (
				00E356F21AD99517003FC87E /* hot6Tests.m */,
				00E356F01AD99517003FC87E /* Supporting Files */,
			);
			path = hot6Tests;
			sourceTree = "<group>";
		};
		00E356F01AD99517003FC87E /* Supporting Files */ = {
			isa = PBXGroup;
			children = (
				00E356F11AD99517003FC87E /* Info.plist */,
			);
			name = "Supporting Files";
			sourceTree = "<group>";
		};
		06305251287C4EC600DDFD03 /* Products */ = {
			isa = PBXGroup;
			children = (
				0630528B287C4EC600DDFD03 /* CocoaAsyncSocket */,
				0630528D287C4EC600DDFD03 /* DoubleConversion */,
				0630528F287C4EC600DDFD03 /* Flipper */,
				06305291287C4EC600DDFD03 /* Flipper-Boost-iOSX */,
				06305293287C4EC600DDFD03 /* Flipper-Fmt */,
				06305295287C4EC600DDFD03 /* Flipper-Folly */,
				06305297287C4EC600DDFD03 /* Flipper-PeerTalk */,
				06305299287C4EC600DDFD03 /* Flipper-RSocket */,
				0630529B287C4EC600DDFD03 /* FlipperKit */,
				0630529D287C4EC600DDFD03 /* fmt */,
				0630529F287C4EC600DDFD03 /* glog */,
				063052A1287C4EC600DDFD03 /* libevent */,
				062EA276288ED9D00043B3EC /* libwebp */,
				063052A3287C4EC600DDFD03 /* libPods-hot6.a */,
				063052A5287C4EC600DDFD03 /* Pods-hot6-hot6Tests */,
				063052A7287C4EC600DDFD03 /* RCT-Folly */,
				063052A9287C4EC600DDFD03 /* RCTTypeSafety */,
				063052AB287C4EC600DDFD03 /* React-bridging */,
				063052AD287C4EC600DDFD03 /* React-Codegen */,
				063052AF287C4EC600DDFD03 /* React-Core */,
				063052B1287C4EC600DDFD03 /* React-Core-AccessibilityResources */,
				063052B3287C4EC600DDFD03 /* React-CoreModules */,
				063052B5287C4EC600DDFD03 /* React-cxxreact */,
				063052B7287C4EC600DDFD03 /* React-jsi */,
				063052B9287C4EC600DDFD03 /* React-jsiexecutor */,
				063052BB287C4EC600DDFD03 /* React-jsinspector */,
				063052BD287C4EC600DDFD03 /* React-logger */,
				062EA278288ED9D00043B3EC /* react-native-config */,
				063052BF287C4EC600DDFD03 /* react-native-geolocation-service */,
				062EA27A288ED9D00043B3EC /* react-native-image-picker */,
				062EA27C288ED9D00043B3EC /* react-native-image-resizer */,
				063052C1287C4EC600DDFD03 /* react-native-nmap */,
				063052C3287C4EC600DDFD03 /* react-native-safe-area-context */,
				063052C5287C4EC600DDFD03 /* React-perflogger */,
				063052C7287C4EC600DDFD03 /* React-RCTAnimation */,
				063052C9287C4EC600DDFD03 /* React-RCTBlob */,
				063052CB287C4EC600DDFD03 /* React-RCTImage */,
				063052CD287C4EC600DDFD03 /* React-RCTLinking */,
				063052CF287C4EC600DDFD03 /* React-RCTNetwork */,
				063052D1287C4EC600DDFD03 /* React-RCTSettings */,
				063052D3287C4EC600DDFD03 /* React-RCTText */,
				063052D5287C4EC600DDFD03 /* React-RCTVibration */,
				063052D7287C4EC600DDFD03 /* ReactCommon */,
				062EA27E288ED9D00043B3EC /* RNFastImage */,
				06C92A5828996D04009267C3 /* RNGestureHandler */,
				06C92A5A28996D04009267C3 /* RNReanimated */,
				063052D9287C4EC600DDFD03 /* RNScreens */,
				062EA3042892DE250043B3EC /* RNSVG */,
				062EA280288ED9D00043B3EC /* SDWebImage */,
				062EA282288ED9D00043B3EC /* SDWebImageWebPCoder */,
				063052DB287C4EC600DDFD03 /* SocketRocket */,
				063052DD287C4EC600DDFD03 /* Yoga */,
				063052DF287C4EC600DDFD03 /* YogaKit */,
			);
			name = Products;
			sourceTree = "<group>";
		};
		13B07FAE1A68108700A75B9A /* hot6 */ = {
			isa = PBXGroup;
			children = (
				13B07FAF1A68108700A75B9A /* AppDelegate.h */,
				13B07FB01A68108700A75B9A /* AppDelegate.mm */,
				13B07FB51A68108700A75B9A /* Images.xcassets */,
				13B07FB61A68108700A75B9A /* Info.plist */,
				81AB9BB72411601600AC10FF /* LaunchScreen.storyboard */,
				13B07FB71A68108700A75B9A /* main.m */,
				0630524E287C4EB900DDFD03 /* File.swift */,
				0630524D287C4EB900DDFD03 /* hot6-Bridging-Header.h */,
			);
			name = hot6;
			sourceTree = "<group>";
		};
		2D16E6871FA4F8E400B85C8A /* Frameworks */ = {
			isa = PBXGroup;
			children = (
				ED297162215061F000B7C4FE /* JavaScriptCore.framework */,
				5DCACB8F33CDC322A6C60F78 /* libPods-hot6.a */,
				19F6CBCC0A4E27FBF8BF4A61 /* libPods-hot6-hot6Tests.a */,
			);
			name = Frameworks;
			sourceTree = "<group>";
		};
		832341AE1AAA6A7D00B99B32 /* Libraries */ = {
			isa = PBXGroup;
			children = (
			);
			name = Libraries;
			sourceTree = "<group>";
		};
		83CBB9F61A601CBA00E9B192 = {
			isa = PBXGroup;
			children = (
				062EA309289427290043B3EC /* Fonts */,
				13B07FAE1A68108700A75B9A /* hot6 */,
				832341AE1AAA6A7D00B99B32 /* Libraries */,
				00E356EF1AD99517003FC87E /* hot6Tests */,
				83CBBA001A601CBA00E9B192 /* Products */,
				2D16E6871FA4F8E400B85C8A /* Frameworks */,
				BBD78D7AC51CEA395F1C20DB /* Pods */,
			);
			indentWidth = 2;
			sourceTree = "<group>";
			tabWidth = 2;
			usesTabs = 0;
		};
		83CBBA001A601CBA00E9B192 /* Products */ = {
			isa = PBXGroup;
			children = (
				13B07F961A680F5B00A75B9A /* hot6.app */,
				00E356EE1AD99517003FC87E /* hot6Tests.xctest */,
			);
			name = Products;
			sourceTree = "<group>";
		};
		BBD78D7AC51CEA395F1C20DB /* Pods */ = {
			isa = PBXGroup;
			children = (
				06305250287C4EC600DDFD03 /* Pods.xcodeproj */,
				3B4392A12AC88292D35C810B /* Pods-hot6.debug.xcconfig */,
				5709B34CF0A7D63546082F79 /* Pods-hot6.release.xcconfig */,
				5B7EB9410499542E8C5724F5 /* Pods-hot6-hot6Tests.debug.xcconfig */,
				89C6BE57DB24E9ADA2F236DE /* Pods-hot6-hot6Tests.release.xcconfig */,
			);
			path = Pods;
			sourceTree = "<group>";
		};
/* End PBXGroup section */

/* Begin PBXNativeTarget section */
		00E356ED1AD99517003FC87E /* hot6Tests */ = {
			isa = PBXNativeTarget;
			buildConfigurationList = 00E357021AD99517003FC87E /* Build configuration list for PBXNativeTarget "hot6Tests" */;
			buildPhases = (
				A55EABD7B0C7F3A422A6CC61 /* [CP] Check Pods Manifest.lock */,
				00E356EA1AD99517003FC87E /* Sources */,
				00E356EB1AD99517003FC87E /* Frameworks */,
				00E356EC1AD99517003FC87E /* Resources */,
				C59DA0FBD6956966B86A3779 /* [CP] Embed Pods Frameworks */,
				F6A41C54EA430FDDC6A6ED99 /* [CP] Copy Pods Resources */,
			);
			buildRules = (
			);
			dependencies = (
				00E356F51AD99517003FC87E /* PBXTargetDependency */,
			);
			name = hot6Tests;
			productName = hot6Tests;
			productReference = 00E356EE1AD99517003FC87E /* hot6Tests.xctest */;
			productType = "com.apple.product-type.bundle.unit-test";
		};
		13B07F861A680F5B00A75B9A /* hot6 */ = {
			isa = PBXNativeTarget;
			buildConfigurationList = 13B07F931A680F5B00A75B9A /* Build configuration list for PBXNativeTarget "hot6" */;
			buildPhases = (
				C38B50BA6285516D6DCD4F65 /* [CP] Check Pods Manifest.lock */,
				FD10A7F022414F080027D42C /* Start Packager */,
				13B07F871A680F5B00A75B9A /* Sources */,
				13B07F8C1A680F5B00A75B9A /* Frameworks */,
				13B07F8E1A680F5B00A75B9A /* Resources */,
				00DD1BFF1BD5951E006B06BC /* Bundle React Native code and images */,
				00EEFC60759A1932668264C0 /* [CP] Embed Pods Frameworks */,
				E235C05ADACE081382539298 /* [CP] Copy Pods Resources */,
			);
			buildRules = (
			);
			dependencies = (
			);
			name = hot6;
			productName = hot6;
			productReference = 13B07F961A680F5B00A75B9A /* hot6.app */;
			productType = "com.apple.product-type.application";
		};
/* End PBXNativeTarget section */

/* Begin PBXProject section */
		83CBB9F71A601CBA00E9B192 /* Project object */ = {
			isa = PBXProject;
			attributes = {
				LastUpgradeCheck = 1210;
				TargetAttributes = {
					00E356ED1AD99517003FC87E = {
						CreatedOnToolsVersion = 6.2;
						TestTargetID = 13B07F861A680F5B00A75B9A;
					};
					13B07F861A680F5B00A75B9A = {
						LastSwiftMigration = 1340;
					};
				};
			};
			buildConfigurationList = 83CBB9FA1A601CBA00E9B192 /* Build configuration list for PBXProject "hot6" */;
			compatibilityVersion = "Xcode 12.0";
			developmentRegion = en;
			hasScannedForEncodings = 0;
			knownRegions = (
				en,
				Base,
			);
			mainGroup = 83CBB9F61A601CBA00E9B192;
			productRefGroup = 83CBBA001A601CBA00E9B192 /* Products */;
			projectDirPath = "";
			projectReferences = (
				{
					ProductGroup = 06305251287C4EC600DDFD03 /* Products */;
					ProjectRef = 06305250287C4EC600DDFD03 /* Pods.xcodeproj */;
				},
			);
			projectRoot = "";
			targets = (
				13B07F861A680F5B00A75B9A /* hot6 */,
				00E356ED1AD99517003FC87E /* hot6Tests */,
			);
		};
/* End PBXProject section */

/* Begin PBXReferenceProxy section */
		062EA276288ED9D00043B3EC /* libwebp */ = {
			isa = PBXReferenceProxy;
			fileType = archive.ar;
			name = libwebp;
			path = liblibwebp.a;
			remoteRef = 062EA275288ED9D00043B3EC /* PBXContainerItemProxy */;
			sourceTree = BUILT_PRODUCTS_DIR;
		};
		062EA278288ED9D00043B3EC /* react-native-config */ = {
			isa = PBXReferenceProxy;
			fileType = archive.ar;
			name = "react-native-config";
			path = "libreact-native-config.a";
			remoteRef = 062EA277288ED9D00043B3EC /* PBXContainerItemProxy */;
			sourceTree = BUILT_PRODUCTS_DIR;
		};
		062EA27A288ED9D00043B3EC /* react-native-image-picker */ = {
			isa = PBXReferenceProxy;
			fileType = archive.ar;
			name = "react-native-image-picker";
			path = "libreact-native-image-picker.a";
			remoteRef = 062EA279288ED9D00043B3EC /* PBXContainerItemProxy */;
			sourceTree = BUILT_PRODUCTS_DIR;
		};
		062EA27C288ED9D00043B3EC /* react-native-image-resizer */ = {
			isa = PBXReferenceProxy;
			fileType = archive.ar;
			name = "react-native-image-resizer";
			path = "libreact-native-image-resizer.a";
			remoteRef = 062EA27B288ED9D00043B3EC /* PBXContainerItemProxy */;
			sourceTree = BUILT_PRODUCTS_DIR;
		};
		062EA27E288ED9D00043B3EC /* RNFastImage */ = {
			isa = PBXReferenceProxy;
			fileType = archive.ar;
			name = RNFastImage;
			path = libRNFastImage.a;
			remoteRef = 062EA27D288ED9D00043B3EC /* PBXContainerItemProxy */;
			sourceTree = BUILT_PRODUCTS_DIR;
		};
		062EA280288ED9D00043B3EC /* SDWebImage */ = {
			isa = PBXReferenceProxy;
			fileType = archive.ar;
			name = SDWebImage;
			path = libSDWebImage.a;
			remoteRef = 062EA27F288ED9D00043B3EC /* PBXContainerItemProxy */;
			sourceTree = BUILT_PRODUCTS_DIR;
		};
		062EA282288ED9D00043B3EC /* SDWebImageWebPCoder */ = {
			isa = PBXReferenceProxy;
			fileType = archive.ar;
			name = SDWebImageWebPCoder;
			path = libSDWebImageWebPCoder.a;
			remoteRef = 062EA281288ED9D00043B3EC /* PBXContainerItemProxy */;
			sourceTree = BUILT_PRODUCTS_DIR;
		};
		062EA3042892DE250043B3EC /* RNSVG */ = {
			isa = PBXReferenceProxy;
			fileType = archive.ar;
			name = RNSVG;
			path = libRNSVG.a;
			remoteRef = 062EA3032892DE250043B3EC /* PBXContainerItemProxy */;
			sourceTree = BUILT_PRODUCTS_DIR;
		};
		0630528B287C4EC600DDFD03 /* CocoaAsyncSocket */ = {
			isa = PBXReferenceProxy;
			fileType = archive.ar;
			name = CocoaAsyncSocket;
			path = libCocoaAsyncSocket.a;
			remoteRef = 0630528A287C4EC600DDFD03 /* PBXContainerItemProxy */;
			sourceTree = BUILT_PRODUCTS_DIR;
		};
		0630528D287C4EC600DDFD03 /* DoubleConversion */ = {
			isa = PBXReferenceProxy;
			fileType = archive.ar;
			name = DoubleConversion;
			path = libDoubleConversion.a;
			remoteRef = 0630528C287C4EC600DDFD03 /* PBXContainerItemProxy */;
			sourceTree = BUILT_PRODUCTS_DIR;
		};
		0630528F287C4EC600DDFD03 /* Flipper */ = {
			isa = PBXReferenceProxy;
			fileType = archive.ar;
			name = Flipper;
			path = libFlipper.a;
			remoteRef = 0630528E287C4EC600DDFD03 /* PBXContainerItemProxy */;
			sourceTree = BUILT_PRODUCTS_DIR;
		};
		06305291287C4EC600DDFD03 /* Flipper-Boost-iOSX */ = {
			isa = PBXReferenceProxy;
			fileType = archive.ar;
			name = "Flipper-Boost-iOSX";
			path = "libFlipper-Boost-iOSX.a";
			remoteRef = 06305290287C4EC600DDFD03 /* PBXContainerItemProxy */;
			sourceTree = BUILT_PRODUCTS_DIR;
		};
		06305293287C4EC600DDFD03 /* Flipper-Fmt */ = {
			isa = PBXReferenceProxy;
			fileType = archive.ar;
			name = "Flipper-Fmt";
			path = "libFlipper-Fmt.a";
			remoteRef = 06305292287C4EC600DDFD03 /* PBXContainerItemProxy */;
			sourceTree = BUILT_PRODUCTS_DIR;
		};
		06305295287C4EC600DDFD03 /* Flipper-Folly */ = {
			isa = PBXReferenceProxy;
			fileType = archive.ar;
			name = "Flipper-Folly";
			path = "libFlipper-Folly.a";
			remoteRef = 06305294287C4EC600DDFD03 /* PBXContainerItemProxy */;
			sourceTree = BUILT_PRODUCTS_DIR;
		};
		06305297287C4EC600DDFD03 /* Flipper-PeerTalk */ = {
			isa = PBXReferenceProxy;
			fileType = archive.ar;
			name = "Flipper-PeerTalk";
			path = "libFlipper-PeerTalk.a";
			remoteRef = 06305296287C4EC600DDFD03 /* PBXContainerItemProxy */;
			sourceTree = BUILT_PRODUCTS_DIR;
		};
		06305299287C4EC600DDFD03 /* Flipper-RSocket */ = {
			isa = PBXReferenceProxy;
			fileType = archive.ar;
			name = "Flipper-RSocket";
			path = "libFlipper-RSocket.a";
			remoteRef = 06305298287C4EC600DDFD03 /* PBXContainerItemProxy */;
			sourceTree = BUILT_PRODUCTS_DIR;
		};
		0630529B287C4EC600DDFD03 /* FlipperKit */ = {
			isa = PBXReferenceProxy;
			fileType = archive.ar;
			name = FlipperKit;
			path = libFlipperKit.a;
			remoteRef = 0630529A287C4EC600DDFD03 /* PBXContainerItemProxy */;
			sourceTree = BUILT_PRODUCTS_DIR;
		};
		0630529D287C4EC600DDFD03 /* fmt */ = {
			isa = PBXReferenceProxy;
			fileType = archive.ar;
			name = fmt;
			path = libfmt.a;
			remoteRef = 0630529C287C4EC600DDFD03 /* PBXContainerItemProxy */;
			sourceTree = BUILT_PRODUCTS_DIR;
		};
		0630529F287C4EC600DDFD03 /* glog */ = {
			isa = PBXReferenceProxy;
			fileType = archive.ar;
			name = glog;
			path = libglog.a;
			remoteRef = 0630529E287C4EC600DDFD03 /* PBXContainerItemProxy */;
			sourceTree = BUILT_PRODUCTS_DIR;
		};
		063052A1287C4EC600DDFD03 /* libevent */ = {
			isa = PBXReferenceProxy;
			fileType = archive.ar;
			name = libevent;
			path = liblibevent.a;
			remoteRef = 063052A0287C4EC600DDFD03 /* PBXContainerItemProxy */;
			sourceTree = BUILT_PRODUCTS_DIR;
		};
		063052A3287C4EC600DDFD03 /* libPods-hot6.a */ = {
			isa = PBXReferenceProxy;
			fileType = archive.ar;
			path = "libPods-hot6.a";
			remoteRef = 063052A2287C4EC600DDFD03 /* PBXContainerItemProxy */;
			sourceTree = BUILT_PRODUCTS_DIR;
		};
		063052A5287C4EC600DDFD03 /* Pods-hot6-hot6Tests */ = {
			isa = PBXReferenceProxy;
			fileType = archive.ar;
			name = "Pods-hot6-hot6Tests";
			path = "libPods-hot6-hot6Tests.a";
			remoteRef = 063052A4287C4EC600DDFD03 /* PBXContainerItemProxy */;
			sourceTree = BUILT_PRODUCTS_DIR;
		};
		063052A7287C4EC600DDFD03 /* RCT-Folly */ = {
			isa = PBXReferenceProxy;
			fileType = archive.ar;
			name = "RCT-Folly";
			path = "libRCT-Folly.a";
			remoteRef = 063052A6287C4EC600DDFD03 /* PBXContainerItemProxy */;
			sourceTree = BUILT_PRODUCTS_DIR;
		};
		063052A9287C4EC600DDFD03 /* RCTTypeSafety */ = {
			isa = PBXReferenceProxy;
			fileType = archive.ar;
			name = RCTTypeSafety;
			path = libRCTTypeSafety.a;
			remoteRef = 063052A8287C4EC600DDFD03 /* PBXContainerItemProxy */;
			sourceTree = BUILT_PRODUCTS_DIR;
		};
		063052AB287C4EC600DDFD03 /* React-bridging */ = {
			isa = PBXReferenceProxy;
			fileType = archive.ar;
			name = "React-bridging";
			path = "libReact-bridging.a";
			remoteRef = 063052AA287C4EC600DDFD03 /* PBXContainerItemProxy */;
			sourceTree = BUILT_PRODUCTS_DIR;
		};
		063052AD287C4EC600DDFD03 /* React-Codegen */ = {
			isa = PBXReferenceProxy;
			fileType = archive.ar;
			name = "React-Codegen";
			path = "libReact-Codegen.a";
			remoteRef = 063052AC287C4EC600DDFD03 /* PBXContainerItemProxy */;
			sourceTree = BUILT_PRODUCTS_DIR;
		};
		063052AF287C4EC600DDFD03 /* React-Core */ = {
			isa = PBXReferenceProxy;
			fileType = archive.ar;
			name = "React-Core";
			path = "libReact-Core.a";
			remoteRef = 063052AE287C4EC600DDFD03 /* PBXContainerItemProxy */;
			sourceTree = BUILT_PRODUCTS_DIR;
		};
		063052B1287C4EC600DDFD03 /* React-Core-AccessibilityResources */ = {
			isa = PBXReferenceProxy;
			fileType = wrapper.cfbundle;
			name = "React-Core-AccessibilityResources";
			path = AccessibilityResources.bundle;
			remoteRef = 063052B0287C4EC600DDFD03 /* PBXContainerItemProxy */;
			sourceTree = BUILT_PRODUCTS_DIR;
		};
		063052B3287C4EC600DDFD03 /* React-CoreModules */ = {
			isa = PBXReferenceProxy;
			fileType = archive.ar;
			name = "React-CoreModules";
			path = "libReact-CoreModules.a";
			remoteRef = 063052B2287C4EC600DDFD03 /* PBXContainerItemProxy */;
			sourceTree = BUILT_PRODUCTS_DIR;
		};
		063052B5287C4EC600DDFD03 /* React-cxxreact */ = {
			isa = PBXReferenceProxy;
			fileType = archive.ar;
			name = "React-cxxreact";
			path = "libReact-cxxreact.a";
			remoteRef = 063052B4287C4EC600DDFD03 /* PBXContainerItemProxy */;
			sourceTree = BUILT_PRODUCTS_DIR;
		};
		063052B7287C4EC600DDFD03 /* React-jsi */ = {
			isa = PBXReferenceProxy;
			fileType = archive.ar;
			name = "React-jsi";
			path = "libReact-jsi.a";
			remoteRef = 063052B6287C4EC600DDFD03 /* PBXContainerItemProxy */;
			sourceTree = BUILT_PRODUCTS_DIR;
		};
		063052B9287C4EC600DDFD03 /* React-jsiexecutor */ = {
			isa = PBXReferenceProxy;
			fileType = archive.ar;
			name = "React-jsiexecutor";
			path = "libReact-jsiexecutor.a";
			remoteRef = 063052B8287C4EC600DDFD03 /* PBXContainerItemProxy */;
			sourceTree = BUILT_PRODUCTS_DIR;
		};
		063052BB287C4EC600DDFD03 /* React-jsinspector */ = {
			isa = PBXReferenceProxy;
			fileType = archive.ar;
			name = "React-jsinspector";
			path = "libReact-jsinspector.a";
			remoteRef = 063052BA287C4EC600DDFD03 /* PBXContainerItemProxy */;
			sourceTree = BUILT_PRODUCTS_DIR;
		};
		063052BD287C4EC600DDFD03 /* React-logger */ = {
			isa = PBXReferenceProxy;
			fileType = archive.ar;
			name = "React-logger";
			path = "libReact-logger.a";
			remoteRef = 063052BC287C4EC600DDFD03 /* PBXContainerItemProxy */;
			sourceTree = BUILT_PRODUCTS_DIR;
		};
		063052BF287C4EC600DDFD03 /* react-native-geolocation-service */ = {
			isa = PBXReferenceProxy;
			fileType = archive.ar;
			name = "react-native-geolocation-service";
			path = "libreact-native-geolocation-service.a";
			remoteRef = 063052BE287C4EC600DDFD03 /* PBXContainerItemProxy */;
			sourceTree = BUILT_PRODUCTS_DIR;
		};
		063052C1287C4EC600DDFD03 /* react-native-nmap */ = {
			isa = PBXReferenceProxy;
			fileType = archive.ar;
			name = "react-native-nmap";
			path = "libreact-native-nmap.a";
			remoteRef = 063052C0287C4EC600DDFD03 /* PBXContainerItemProxy */;
			sourceTree = BUILT_PRODUCTS_DIR;
		};
		063052C3287C4EC600DDFD03 /* react-native-safe-area-context */ = {
			isa = PBXReferenceProxy;
			fileType = archive.ar;
			name = "react-native-safe-area-context";
			path = "libreact-native-safe-area-context.a";
			remoteRef = 063052C2287C4EC600DDFD03 /* PBXContainerItemProxy */;
			sourceTree = BUILT_PRODUCTS_DIR;
		};
		063052C5287C4EC600DDFD03 /* React-perflogger */ = {
			isa = PBXReferenceProxy;
			fileType = archive.ar;
			name = "React-perflogger";
			path = "libReact-perflogger.a";
			remoteRef = 063052C4287C4EC600DDFD03 /* PBXContainerItemProxy */;
			sourceTree = BUILT_PRODUCTS_DIR;
		};
		063052C7287C4EC600DDFD03 /* React-RCTAnimation */ = {
			isa = PBXReferenceProxy;
			fileType = archive.ar;
			name = "React-RCTAnimation";
			path = "libReact-RCTAnimation.a";
			remoteRef = 063052C6287C4EC600DDFD03 /* PBXContainerItemProxy */;
			sourceTree = BUILT_PRODUCTS_DIR;
		};
		063052C9287C4EC600DDFD03 /* React-RCTBlob */ = {
			isa = PBXReferenceProxy;
			fileType = archive.ar;
			name = "React-RCTBlob";
			path = "libReact-RCTBlob.a";
			remoteRef = 063052C8287C4EC600DDFD03 /* PBXContainerItemProxy */;
			sourceTree = BUILT_PRODUCTS_DIR;
		};
		063052CB287C4EC600DDFD03 /* React-RCTImage */ = {
			isa = PBXReferenceProxy;
			fileType = archive.ar;
			name = "React-RCTImage";
			path = "libReact-RCTImage.a";
			remoteRef = 063052CA287C4EC600DDFD03 /* PBXContainerItemProxy */;
			sourceTree = BUILT_PRODUCTS_DIR;
		};
		063052CD287C4EC600DDFD03 /* React-RCTLinking */ = {
			isa = PBXReferenceProxy;
			fileType = archive.ar;
			name = "React-RCTLinking";
			path = "libReact-RCTLinking.a";
			remoteRef = 063052CC287C4EC600DDFD03 /* PBXContainerItemProxy */;
			sourceTree = BUILT_PRODUCTS_DIR;
		};
		063052CF287C4EC600DDFD03 /* React-RCTNetwork */ = {
			isa = PBXReferenceProxy;
			fileType = archive.ar;
			name = "React-RCTNetwork";
			path = "libReact-RCTNetwork.a";
			remoteRef = 063052CE287C4EC600DDFD03 /* PBXContainerItemProxy */;
			sourceTree = BUILT_PRODUCTS_DIR;
		};
		063052D1287C4EC600DDFD03 /* React-RCTSettings */ = {
			isa = PBXReferenceProxy;
			fileType = archive.ar;
			name = "React-RCTSettings";
			path = "libReact-RCTSettings.a";
			remoteRef = 063052D0287C4EC600DDFD03 /* PBXContainerItemProxy */;
			sourceTree = BUILT_PRODUCTS_DIR;
		};
		063052D3287C4EC600DDFD03 /* React-RCTText */ = {
			isa = PBXReferenceProxy;
			fileType = archive.ar;
			name = "React-RCTText";
			path = "libReact-RCTText.a";
			remoteRef = 063052D2287C4EC600DDFD03 /* PBXContainerItemProxy */;
			sourceTree = BUILT_PRODUCTS_DIR;
		};
		063052D5287C4EC600DDFD03 /* React-RCTVibration */ = {
			isa = PBXReferenceProxy;
			fileType = archive.ar;
			name = "React-RCTVibration";
			path = "libReact-RCTVibration.a";
			remoteRef = 063052D4287C4EC600DDFD03 /* PBXContainerItemProxy */;
			sourceTree = BUILT_PRODUCTS_DIR;
		};
		063052D7287C4EC600DDFD03 /* ReactCommon */ = {
			isa = PBXReferenceProxy;
			fileType = archive.ar;
			name = ReactCommon;
			path = libReactCommon.a;
			remoteRef = 063052D6287C4EC600DDFD03 /* PBXContainerItemProxy */;
			sourceTree = BUILT_PRODUCTS_DIR;
		};
		063052D9287C4EC600DDFD03 /* RNScreens */ = {
			isa = PBXReferenceProxy;
			fileType = archive.ar;
			name = RNScreens;
			path = libRNScreens.a;
			remoteRef = 063052D8287C4EC600DDFD03 /* PBXContainerItemProxy */;
			sourceTree = BUILT_PRODUCTS_DIR;
		};
		063052DB287C4EC600DDFD03 /* SocketRocket */ = {
			isa = PBXReferenceProxy;
			fileType = archive.ar;
			name = SocketRocket;
			path = libSocketRocket.a;
			remoteRef = 063052DA287C4EC600DDFD03 /* PBXContainerItemProxy */;
			sourceTree = BUILT_PRODUCTS_DIR;
		};
		063052DD287C4EC600DDFD03 /* Yoga */ = {
			isa = PBXReferenceProxy;
			fileType = archive.ar;
			name = Yoga;
			path = libYoga.a;
			remoteRef = 063052DC287C4EC600DDFD03 /* PBXContainerItemProxy */;
			sourceTree = BUILT_PRODUCTS_DIR;
		};
		063052DF287C4EC600DDFD03 /* YogaKit */ = {
			isa = PBXReferenceProxy;
			fileType = archive.ar;
			name = YogaKit;
			path = libYogaKit.a;
			remoteRef = 063052DE287C4EC600DDFD03 /* PBXContainerItemProxy */;
			sourceTree = BUILT_PRODUCTS_DIR;
		};
		06C92A5828996D04009267C3 /* RNGestureHandler */ = {
			isa = PBXReferenceProxy;
			fileType = archive.ar;
			name = RNGestureHandler;
			path = libRNGestureHandler.a;
			remoteRef = 06C92A5728996D04009267C3 /* PBXContainerItemProxy */;
			sourceTree = BUILT_PRODUCTS_DIR;
		};
		06C92A5A28996D04009267C3 /* RNReanimated */ = {
			isa = PBXReferenceProxy;
			fileType = archive.ar;
			name = RNReanimated;
			path = libRNReanimated.a;
			remoteRef = 06C92A5928996D04009267C3 /* PBXContainerItemProxy */;
			sourceTree = BUILT_PRODUCTS_DIR;
		};
/* End PBXReferenceProxy section */

/* Begin PBXResourcesBuildPhase section */
		00E356EC1AD99517003FC87E /* Resources */ = {
			isa = PBXResourcesBuildPhase;
			buildActionMask = 2147483647;
			files = (
			);
			runOnlyForDeploymentPostprocessing = 0;
		};
		13B07F8E1A680F5B00A75B9A /* Resources */ = {
			isa = PBXResourcesBuildPhase;
			buildActionMask = 2147483647;
			files = (
				062EA349289427290043B3EC /* Fonts in Resources */,
				81AB9BB82411601600AC10FF /* LaunchScreen.storyboard in Resources */,
				13B07FBF1A68108700A75B9A /* Images.xcassets in Resources */,
			);
			runOnlyForDeploymentPostprocessing = 0;
		};
/* End PBXResourcesBuildPhase section */

/* Begin PBXShellScriptBuildPhase section */
		00DD1BFF1BD5951E006B06BC /* Bundle React Native code and images */ = {
			isa = PBXShellScriptBuildPhase;
			buildActionMask = 2147483647;
			files = (
			);
			inputPaths = (
				"$(SRCROOT)/.xcode.env.local",
				"$(SRCROOT)/.xcode.env",
			);
			name = "Bundle React Native code and images";
			outputPaths = (
			);
			runOnlyForDeploymentPostprocessing = 0;
			shellPath = /bin/sh;
			shellScript = "set -e\n\nWITH_ENVIRONMENT=\"../node_modules/react-native/scripts/xcode/with-environment.sh\"\nREACT_NATIVE_XCODE=\"../node_modules/react-native/scripts/react-native-xcode.sh\"\n\n/bin/sh -c \"$WITH_ENVIRONMENT $REACT_NATIVE_XCODE\"\n";
		};
		00EEFC60759A1932668264C0 /* [CP] Embed Pods Frameworks */ = {
			isa = PBXShellScriptBuildPhase;
			buildActionMask = 2147483647;
			files = (
			);
			inputFileListPaths = (
				"${PODS_ROOT}/Target Support Files/Pods-hot6/Pods-hot6-frameworks-${CONFIGURATION}-input-files.xcfilelist",
			);
			name = "[CP] Embed Pods Frameworks";
			outputFileListPaths = (
				"${PODS_ROOT}/Target Support Files/Pods-hot6/Pods-hot6-frameworks-${CONFIGURATION}-output-files.xcfilelist",
			);
			runOnlyForDeploymentPostprocessing = 0;
			shellPath = /bin/sh;
			shellScript = "\"${PODS_ROOT}/Target Support Files/Pods-hot6/Pods-hot6-frameworks.sh\"\n";
			showEnvVarsInLog = 0;
		};
		A55EABD7B0C7F3A422A6CC61 /* [CP] Check Pods Manifest.lock */ = {
			isa = PBXShellScriptBuildPhase;
			buildActionMask = 2147483647;
			files = (
			);
			inputFileListPaths = (
			);
			inputPaths = (
				"${PODS_PODFILE_DIR_PATH}/Podfile.lock",
				"${PODS_ROOT}/Manifest.lock",
			);
			name = "[CP] Check Pods Manifest.lock";
			outputFileListPaths = (
			);
			outputPaths = (
				"$(DERIVED_FILE_DIR)/Pods-hot6-hot6Tests-checkManifestLockResult.txt",
			);
			runOnlyForDeploymentPostprocessing = 0;
			shellPath = /bin/sh;
			shellScript = "diff \"${PODS_PODFILE_DIR_PATH}/Podfile.lock\" \"${PODS_ROOT}/Manifest.lock\" > /dev/null\nif [ $? != 0 ] ; then\n    # print error to STDERR\n    echo \"error: The sandbox is not in sync with the Podfile.lock. Run 'pod install' or update your CocoaPods installation.\" >&2\n    exit 1\nfi\n# This output is used by Xcode 'outputs' to avoid re-running this script phase.\necho \"SUCCESS\" > \"${SCRIPT_OUTPUT_FILE_0}\"\n";
			showEnvVarsInLog = 0;
		};
		C38B50BA6285516D6DCD4F65 /* [CP] Check Pods Manifest.lock */ = {
			isa = PBXShellScriptBuildPhase;
			buildActionMask = 2147483647;
			files = (
			);
			inputFileListPaths = (
			);
			inputPaths = (
				"${PODS_PODFILE_DIR_PATH}/Podfile.lock",
				"${PODS_ROOT}/Manifest.lock",
			);
			name = "[CP] Check Pods Manifest.lock";
			outputFileListPaths = (
			);
			outputPaths = (
				"$(DERIVED_FILE_DIR)/Pods-hot6-checkManifestLockResult.txt",
			);
			runOnlyForDeploymentPostprocessing = 0;
			shellPath = /bin/sh;
			shellScript = "diff \"${PODS_PODFILE_DIR_PATH}/Podfile.lock\" \"${PODS_ROOT}/Manifest.lock\" > /dev/null\nif [ $? != 0 ] ; then\n    # print error to STDERR\n    echo \"error: The sandbox is not in sync with the Podfile.lock. Run 'pod install' or update your CocoaPods installation.\" >&2\n    exit 1\nfi\n# This output is used by Xcode 'outputs' to avoid re-running this script phase.\necho \"SUCCESS\" > \"${SCRIPT_OUTPUT_FILE_0}\"\n";
			showEnvVarsInLog = 0;
		};
		C59DA0FBD6956966B86A3779 /* [CP] Embed Pods Frameworks */ = {
			isa = PBXShellScriptBuildPhase;
			buildActionMask = 2147483647;
			files = (
			);
			inputFileListPaths = (
				"${PODS_ROOT}/Target Support Files/Pods-hot6-hot6Tests/Pods-hot6-hot6Tests-frameworks-${CONFIGURATION}-input-files.xcfilelist",
			);
			name = "[CP] Embed Pods Frameworks";
			outputFileListPaths = (
				"${PODS_ROOT}/Target Support Files/Pods-hot6-hot6Tests/Pods-hot6-hot6Tests-frameworks-${CONFIGURATION}-output-files.xcfilelist",
			);
			runOnlyForDeploymentPostprocessing = 0;
			shellPath = /bin/sh;
			shellScript = "\"${PODS_ROOT}/Target Support Files/Pods-hot6-hot6Tests/Pods-hot6-hot6Tests-frameworks.sh\"\n";
			showEnvVarsInLog = 0;
		};
		E235C05ADACE081382539298 /* [CP] Copy Pods Resources */ = {
			isa = PBXShellScriptBuildPhase;
			buildActionMask = 2147483647;
			files = (
			);
			inputFileListPaths = (
				"${PODS_ROOT}/Target Support Files/Pods-hot6/Pods-hot6-resources-${CONFIGURATION}-input-files.xcfilelist",
			);
			name = "[CP] Copy Pods Resources";
			outputFileListPaths = (
				"${PODS_ROOT}/Target Support Files/Pods-hot6/Pods-hot6-resources-${CONFIGURATION}-output-files.xcfilelist",
			);
			runOnlyForDeploymentPostprocessing = 0;
			shellPath = /bin/sh;
			shellScript = "\"${PODS_ROOT}/Target Support Files/Pods-hot6/Pods-hot6-resources.sh\"\n";
			showEnvVarsInLog = 0;
		};
		F6A41C54EA430FDDC6A6ED99 /* [CP] Copy Pods Resources */ = {
			isa = PBXShellScriptBuildPhase;
			buildActionMask = 2147483647;
			files = (
			);
			inputFileListPaths = (
				"${PODS_ROOT}/Target Support Files/Pods-hot6-hot6Tests/Pods-hot6-hot6Tests-resources-${CONFIGURATION}-input-files.xcfilelist",
			);
			name = "[CP] Copy Pods Resources";
			outputFileListPaths = (
				"${PODS_ROOT}/Target Support Files/Pods-hot6-hot6Tests/Pods-hot6-hot6Tests-resources-${CONFIGURATION}-output-files.xcfilelist",
			);
			runOnlyForDeploymentPostprocessing = 0;
			shellPath = /bin/sh;
			shellScript = "\"${PODS_ROOT}/Target Support Files/Pods-hot6-hot6Tests/Pods-hot6-hot6Tests-resources.sh\"\n";
			showEnvVarsInLog = 0;
		};
		FD10A7F022414F080027D42C /* Start Packager */ = {
			isa = PBXShellScriptBuildPhase;
			buildActionMask = 2147483647;
			files = (
			);
			inputFileListPaths = (
			);
			inputPaths = (
			);
			name = "Start Packager";
			outputFileListPaths = (
			);
			outputPaths = (
			);
			runOnlyForDeploymentPostprocessing = 0;
			shellPath = /bin/sh;
			shellScript = "export RCT_METRO_PORT=\"${RCT_METRO_PORT:=8081}\"\necho \"export RCT_METRO_PORT=${RCT_METRO_PORT}\" > \"${SRCROOT}/../node_modules/react-native/scripts/.packager.env\"\nif [ -z \"${RCT_NO_LAUNCH_PACKAGER+xxx}\" ] ; then\n  if nc -w 5 -z localhost ${RCT_METRO_PORT} ; then\n    if ! curl -s \"http://localhost:${RCT_METRO_PORT}/status\" | grep -q \"packager-status:running\" ; then\n      echo \"Port ${RCT_METRO_PORT} already in use, packager is either not running or not running correctly\"\n      exit 2\n    fi\n  else\n    open \"$SRCROOT/../node_modules/react-native/scripts/launchPackager.command\" || echo \"Can't start packager automatically\"\n  fi\nfi\n";
			showEnvVarsInLog = 0;
		};
/* End PBXShellScriptBuildPhase section */

/* Begin PBXSourcesBuildPhase section */
		00E356EA1AD99517003FC87E /* Sources */ = {
			isa = PBXSourcesBuildPhase;
			buildActionMask = 2147483647;
			files = (
				00E356F31AD99517003FC87E /* hot6Tests.m in Sources */,
			);
			runOnlyForDeploymentPostprocessing = 0;
		};
		13B07F871A680F5B00A75B9A /* Sources */ = {
			isa = PBXSourcesBuildPhase;
			buildActionMask = 2147483647;
			files = (
				13B07FBC1A68108700A75B9A /* AppDelegate.mm in Sources */,
				0630524F287C4EB900DDFD03 /* File.swift in Sources */,
				13B07FC11A68108700A75B9A /* main.m in Sources */,
			);
			runOnlyForDeploymentPostprocessing = 0;
		};
/* End PBXSourcesBuildPhase section */

/* Begin PBXTargetDependency section */
		00E356F51AD99517003FC87E /* PBXTargetDependency */ = {
			isa = PBXTargetDependency;
			target = 13B07F861A680F5B00A75B9A /* hot6 */;
			targetProxy = 00E356F41AD99517003FC87E /* PBXContainerItemProxy */;
		};
/* End PBXTargetDependency section */

/* Begin XCBuildConfiguration section */
		00E356F61AD99517003FC87E /* Debug */ = {
			isa = XCBuildConfiguration;
			baseConfigurationReference = 5B7EB9410499542E8C5724F5 /* Pods-hot6-hot6Tests.debug.xcconfig */;
			buildSettings = {
				ALWAYS_EMBED_SWIFT_STANDARD_LIBRARIES = YES;
				BUNDLE_LOADER = "$(TEST_HOST)";
				GCC_PREPROCESSOR_DEFINITIONS = (
					"DEBUG=1",
					"$(inherited)",
				);
				INFOPLIST_FILE = hot6Tests/Info.plist;
				IPHONEOS_DEPLOYMENT_TARGET = 12.4;
				LD_RUNPATH_SEARCH_PATHS = (
					"$(inherited)",
					"@executable_path/Frameworks",
					"@loader_path/Frameworks",
				);
				OTHER_LDFLAGS = (
					"-ObjC",
					"-lc++",
					"$(inherited)",
				);
				PRODUCT_BUNDLE_IDENTIFIER = "org.reactjs.native.example.$(PRODUCT_NAME:rfc1034identifier)";
				PRODUCT_NAME = "$(TARGET_NAME)";
				TEST_HOST = "$(BUILT_PRODUCTS_DIR)/hot6.app/hot6";
			};
			name = Debug;
		};
		00E356F71AD99517003FC87E /* Release */ = {
			isa = XCBuildConfiguration;
			baseConfigurationReference = 89C6BE57DB24E9ADA2F236DE /* Pods-hot6-hot6Tests.release.xcconfig */;
			buildSettings = {
				ALWAYS_EMBED_SWIFT_STANDARD_LIBRARIES = YES;
				BUNDLE_LOADER = "$(TEST_HOST)";
				COPY_PHASE_STRIP = NO;
				INFOPLIST_FILE = hot6Tests/Info.plist;
				IPHONEOS_DEPLOYMENT_TARGET = 12.4;
				LD_RUNPATH_SEARCH_PATHS = (
					"$(inherited)",
					"@executable_path/Frameworks",
					"@loader_path/Frameworks",
				);
				OTHER_LDFLAGS = (
					"-ObjC",
					"-lc++",
					"$(inherited)",
				);
				PRODUCT_BUNDLE_IDENTIFIER = "org.reactjs.native.example.$(PRODUCT_NAME:rfc1034identifier)";
				PRODUCT_NAME = "$(TARGET_NAME)";
				TEST_HOST = "$(BUILT_PRODUCTS_DIR)/hot6.app/hot6";
			};
			name = Release;
		};
		13B07F941A680F5B00A75B9A /* Debug */ = {
			isa = XCBuildConfiguration;
			baseConfigurationReference = 3B4392A12AC88292D35C810B /* Pods-hot6.debug.xcconfig */;
			buildSettings = {
				ASSETCATALOG_COMPILER_APPICON_NAME = AppIcon;
				CLANG_ENABLE_MODULES = YES;
				CURRENT_PROJECT_VERSION = 1;
				DEVELOPMENT_TEAM = F34T4G7PLC;
				ENABLE_BITCODE = NO;
				INFOPLIST_FILE = hot6/Info.plist;
				LD_RUNPATH_SEARCH_PATHS = (
					"$(inherited)",
					"@executable_path/Frameworks",
				);
				OTHER_LDFLAGS = (
					"$(inherited)",
					"-ObjC",
					"-lc++",
				);
				PRODUCT_BUNDLE_IDENTIFIER = "org.reactjs.native.example.$(PRODUCT_NAME:rfc1034identifier)";
				PRODUCT_NAME = hot6;
				SWIFT_OBJC_BRIDGING_HEADER = "hot6-Bridging-Header.h";
				SWIFT_OPTIMIZATION_LEVEL = "-Onone";
				SWIFT_VERSION = 5.0;
				VERSIONING_SYSTEM = "apple-generic";
			};
			name = Debug;
		};
		13B07F951A680F5B00A75B9A /* Release */ = {
			isa = XCBuildConfiguration;
			baseConfigurationReference = 5709B34CF0A7D63546082F79 /* Pods-hot6.release.xcconfig */;
			buildSettings = {
				ASSETCATALOG_COMPILER_APPICON_NAME = AppIcon;
				CLANG_ENABLE_MODULES = YES;
				CURRENT_PROJECT_VERSION = 1;
				DEVELOPMENT_TEAM = F34T4G7PLC;
				INFOPLIST_FILE = hot6/Info.plist;
				LD_RUNPATH_SEARCH_PATHS = (
					"$(inherited)",
					"@executable_path/Frameworks",
				);
				OTHER_LDFLAGS = (
					"$(inherited)",
					"-ObjC",
					"-lc++",
				);
				PRODUCT_BUNDLE_IDENTIFIER = "org.reactjs.native.example.$(PRODUCT_NAME:rfc1034identifier)";
				PRODUCT_NAME = hot6;
				SWIFT_OBJC_BRIDGING_HEADER = "hot6-Bridging-Header.h";
				SWIFT_VERSION = 5.0;
				VERSIONING_SYSTEM = "apple-generic";
			};
			name = Release;
		};
		83CBBA201A601CBA00E9B192 /* Debug */ = {
			isa = XCBuildConfiguration;
			buildSettings = {
				ALWAYS_SEARCH_USER_PATHS = NO;
				CLANG_ANALYZER_LOCALIZABILITY_NONLOCALIZED = YES;
				CLANG_CXX_LANGUAGE_STANDARD = "c++17";
				CLANG_CXX_LIBRARY = "libc++";
				CLANG_ENABLE_MODULES = YES;
				CLANG_ENABLE_OBJC_ARC = YES;
				CLANG_WARN_BLOCK_CAPTURE_AUTORELEASING = YES;
				CLANG_WARN_BOOL_CONVERSION = YES;
				CLANG_WARN_COMMA = YES;
				CLANG_WARN_CONSTANT_CONVERSION = YES;
				CLANG_WARN_DEPRECATED_OBJC_IMPLEMENTATIONS = YES;
				CLANG_WARN_DIRECT_OBJC_ISA_USAGE = YES_ERROR;
				CLANG_WARN_EMPTY_BODY = YES;
				CLANG_WARN_ENUM_CONVERSION = YES;
				CLANG_WARN_INFINITE_RECURSION = YES;
				CLANG_WARN_INT_CONVERSION = YES;
				CLANG_WARN_NON_LITERAL_NULL_CONVERSION = YES;
				CLANG_WARN_OBJC_IMPLICIT_RETAIN_SELF = YES;
				CLANG_WARN_OBJC_LITERAL_CONVERSION = YES;
				CLANG_WARN_OBJC_ROOT_CLASS = YES_ERROR;
				CLANG_WARN_QUOTED_INCLUDE_IN_FRAMEWORK_HEADER = YES;
				CLANG_WARN_RANGE_LOOP_ANALYSIS = YES;
				CLANG_WARN_STRICT_PROTOTYPES = YES;
				CLANG_WARN_SUSPICIOUS_MOVE = YES;
				CLANG_WARN_UNREACHABLE_CODE = YES;
				CLANG_WARN__DUPLICATE_METHOD_MATCH = YES;
				"CODE_SIGN_IDENTITY[sdk=iphoneos*]" = "iPhone Developer";
				COPY_PHASE_STRIP = NO;
				ENABLE_STRICT_OBJC_MSGSEND = YES;
				ENABLE_TESTABILITY = YES;
				"EXCLUDED_ARCHS[sdk=iphonesimulator*]" = arm64;
				GCC_C_LANGUAGE_STANDARD = gnu99;
				GCC_DYNAMIC_NO_PIC = NO;
				GCC_NO_COMMON_BLOCKS = YES;
				GCC_OPTIMIZATION_LEVEL = 0;
				GCC_PREPROCESSOR_DEFINITIONS = (
					"DEBUG=1",
					"$(inherited)",
				);
				GCC_SYMBOLS_PRIVATE_EXTERN = NO;
				GCC_WARN_64_TO_32_BIT_CONVERSION = YES;
				GCC_WARN_ABOUT_RETURN_TYPE = YES_ERROR;
				GCC_WARN_UNDECLARED_SELECTOR = YES;
				GCC_WARN_UNINITIALIZED_AUTOS = YES_AGGRESSIVE;
				GCC_WARN_UNUSED_FUNCTION = YES;
				GCC_WARN_UNUSED_VARIABLE = YES;
				IPHONEOS_DEPLOYMENT_TARGET = 12.4;
				LD_RUNPATH_SEARCH_PATHS = (
					/usr/lib/swift,
					"$(inherited)",
				);
				LIBRARY_SEARCH_PATHS = (
					"\"$(SDKROOT)/usr/lib/swift\"",
					"\"$(TOOLCHAIN_DIR)/usr/lib/swift/$(PLATFORM_NAME)\"",
					"\"$(inherited)\"",
				);
				MTL_ENABLE_DEBUG_INFO = YES;
				ONLY_ACTIVE_ARCH = YES;
				OTHER_CPLUSPLUSFLAGS = (
					"$(OTHER_CFLAGS)",
					"-DFOLLY_NO_CONFIG",
					"-DFOLLY_MOBILE=1",
					"-DFOLLY_USE_LIBCPP=1",
				);
				REACT_NATIVE_PATH = "${PODS_ROOT}/../../node_modules/react-native";
				SDKROOT = iphoneos;
			};
			name = Debug;
		};
		83CBBA211A601CBA00E9B192 /* Release */ = {
			isa = XCBuildConfiguration;
			buildSettings = {
				ALWAYS_SEARCH_USER_PATHS = NO;
				CLANG_ANALYZER_LOCALIZABILITY_NONLOCALIZED = YES;
				CLANG_CXX_LANGUAGE_STANDARD = "c++17";
				CLANG_CXX_LIBRARY = "libc++";
				CLANG_ENABLE_MODULES = YES;
				CLANG_ENABLE_OBJC_ARC = YES;
				CLANG_WARN_BLOCK_CAPTURE_AUTORELEASING = YES;
				CLANG_WARN_BOOL_CONVERSION = YES;
				CLANG_WARN_COMMA = YES;
				CLANG_WARN_CONSTANT_CONVERSION = YES;
				CLANG_WARN_DEPRECATED_OBJC_IMPLEMENTATIONS = YES;
				CLANG_WARN_DIRECT_OBJC_ISA_USAGE = YES_ERROR;
				CLANG_WARN_EMPTY_BODY = YES;
				CLANG_WARN_ENUM_CONVERSION = YES;
				CLANG_WARN_INFINITE_RECURSION = YES;
				CLANG_WARN_INT_CONVERSION = YES;
				CLANG_WARN_NON_LITERAL_NULL_CONVERSION = YES;
				CLANG_WARN_OBJC_IMPLICIT_RETAIN_SELF = YES;
				CLANG_WARN_OBJC_LITERAL_CONVERSION = YES;
				CLANG_WARN_OBJC_ROOT_CLASS = YES_ERROR;
				CLANG_WARN_QUOTED_INCLUDE_IN_FRAMEWORK_HEADER = YES;
				CLANG_WARN_RANGE_LOOP_ANALYSIS = YES;
				CLANG_WARN_STRICT_PROTOTYPES = YES;
				CLANG_WARN_SUSPICIOUS_MOVE = YES;
				CLANG_WARN_UNREACHABLE_CODE = YES;
				CLANG_WARN__DUPLICATE_METHOD_MATCH = YES;
				"CODE_SIGN_IDENTITY[sdk=iphoneos*]" = "iPhone Developer";
				COPY_PHASE_STRIP = YES;
				ENABLE_NS_ASSERTIONS = NO;
				ENABLE_STRICT_OBJC_MSGSEND = YES;
				"EXCLUDED_ARCHS[sdk=iphonesimulator*]" = arm64;
				GCC_C_LANGUAGE_STANDARD = gnu99;
				GCC_NO_COMMON_BLOCKS = YES;
				GCC_WARN_64_TO_32_BIT_CONVERSION = YES;
				GCC_WARN_ABOUT_RETURN_TYPE = YES_ERROR;
				GCC_WARN_UNDECLARED_SELECTOR = YES;
				GCC_WARN_UNINITIALIZED_AUTOS = YES_AGGRESSIVE;
				GCC_WARN_UNUSED_FUNCTION = YES;
				GCC_WARN_UNUSED_VARIABLE = YES;
				IPHONEOS_DEPLOYMENT_TARGET = 12.4;
				LD_RUNPATH_SEARCH_PATHS = (
					/usr/lib/swift,
					"$(inherited)",
				);
				LIBRARY_SEARCH_PATHS = (
					"\"$(SDKROOT)/usr/lib/swift\"",
					"\"$(TOOLCHAIN_DIR)/usr/lib/swift/$(PLATFORM_NAME)\"",
					"\"$(inherited)\"",
				);
				MTL_ENABLE_DEBUG_INFO = NO;
				OTHER_CPLUSPLUSFLAGS = (
					"$(OTHER_CFLAGS)",
					"-DFOLLY_NO_CONFIG",
					"-DFOLLY_MOBILE=1",
					"-DFOLLY_USE_LIBCPP=1",
				);
				REACT_NATIVE_PATH = "${PODS_ROOT}/../../node_modules/react-native";
				SDKROOT = iphoneos;
				VALIDATE_PRODUCT = YES;
			};
			name = Release;
		};
/* End XCBuildConfiguration section */

/* Begin XCConfigurationList section */
		00E357021AD99517003FC87E /* Build configuration list for PBXNativeTarget "hot6Tests" */ = {
			isa = XCConfigurationList;
			buildConfigurations = (
				00E356F61AD99517003FC87E /* Debug */,
				00E356F71AD99517003FC87E /* Release */,
			);
			defaultConfigurationIsVisible = 0;
			defaultConfigurationName = Release;
		};
		13B07F931A680F5B00A75B9A /* Build configuration list for PBXNativeTarget "hot6" */ = {
			isa = XCConfigurationList;
			buildConfigurations = (
				13B07F941A680F5B00A75B9A /* Debug */,
				13B07F951A680F5B00A75B9A /* Release */,
			);
			defaultConfigurationIsVisible = 0;
			defaultConfigurationName = Release;
		};
		83CBB9FA1A601CBA00E9B192 /* Build configuration list for PBXProject "hot6" */ = {
			isa = XCConfigurationList;
			buildConfigurations = (
				83CBBA201A601CBA00E9B192 /* Debug */,
				83CBBA211A601CBA00E9B192 /* Release */,
			);
			defaultConfigurationIsVisible = 0;
			defaultConfigurationName = Release;
		};
/* End XCConfigurationList section */
	};
	rootObject = 83CBB9F71A601CBA00E9B192 /* Project object */;
}
